
Microsoft Visual Studio Solution File, Format Version 12.00
# Visual Studio Version 16
VisualStudioVersion = 16.0.30413.136
MinimumVisualStudioVersion = 10.0.40219.1
Project("{FAE04EC0-301F-11D3-BF4B-00C04F79EFBC}") = "SScy", "SScy\SScy.csproj", "{34C7DD3D-621D-4F87-B73A-5B41EF5D262D}"
EndProject
Global
	GlobalSection(SolutionConfigurationPlatforms) = preSolution
		Debug|Any CPU = Debug|Any CPU
		Release|Any CPU = Release|Any CPU
	EndGlobalSection
	GlobalSection(ProjectConfigurationPlatforms) = postSolution
		{34C7DD3D-621D-4F87-B73A-5B41EF5D262D}.Debug|Any CPU.ActiveCfg = Debug|Any CPU
		{34C7DD3D-621D-4F87-B73A-5B41EF5D262D}.Debug|Any CPU.Build.0 = Debug|Any CPU
		{34C7DD3D-621D-4F87-B73A-5B41EF5D262D}.Release|Any CPU.ActiveCfg = Release|Any CPU
		{34C7DD3D-621D-4F87-B73A-5B41EF5D262D}.Release|Any CPU.Build.0 = Release|Any CPU
	EndGlobalSection
	GlobalSection(SolutionProperties) = preSolution
		HideSolutionNode = FALSE
	EndGlobalSection
	GlobalSection(ExtensibilityGlobals) = postSolution
		SolutionGuid = {C814E1F4-FE3E-4931-AEDD-8D49BD12F022}
	EndGlobalSection
EndGlobal
